{
  "name": "plotforge-shell",
  "version": "0.1.0",
  "lockfileVersion": 3,
  "requires": true,
  "packages": {
    "": {
      "name": "plotforge-shell",
      "version": "0.1.0",
      "license": "MIT",
      "dependencies": {
        "@plotforge/shell-adapter": "file:../../../plotforge-shell-adapter"
      },
      "engines": {
        "vscode": "^1.30.0"
      }
    },
    "../../../plotforge-shell-adapter": {
      "name": "@plotforge/shell-adapter",
      "version": "0.1.0",
      "dependencies": {
        "@plotforge/shell-contracts": "file:../plotforge-shell-contracts"
      },
      "devDependencies": {
        "@types/node": "^24.0.0",
        "typescript": "^5.0.0"
      }
    },
    "node_modules/@plotforge/shell-adapter": {
      "resolved": "../../../plotforge-shell-adapter",
      "link": true
    }
  }
}
